{
  "name": "docs-v2",
  "version": "1.0.0",
  "lockfileVersion": 3,
  "requires": true,
  "packages": {
    "": {
      "name": "docs-v2",
      "version": "1.0.0",
      "dependencies": {
        "@a0-mgmt-api/oas": "1.8619.0",
        "@a0/my-organization-api-oas": "1.8636.0",
        "@a0/myaccount-api-oas": "1.404.0",
        "@fern-api/auth0-management-snippets": "0.0.5",
        "@fern-api/auth0-myaccount-snippets": "0.0.2",
        "@fern-api/auth0-myorg-snippets": "0.0.2",
        "dedent": "1.7.1",
        "lodash": "4.17.23"
      }
    },
    "node_modules/@a0-mgmt-api/oas": {
      "version": "1.8619.0",
      "resolved": "https://a0us.jfrog.io/artifactory/api/npm/npm/@a0-mgmt-api/oas/-/@a0-mgmt-api/oas-1.8619.0.tgz",
      "integrity": "sha512-tqXshRFUYZuciZFiCuQ/7Zo4cl+iE1zMpguW4G19BVvvoE4hIg/FkSdjC36/vqj75do03kxkG5Vo/pTbgGEzoA==",
      "license": "ISC"
    },
    "node_modules/@a0/my-organization-api-oas": {
      "version": "1.8636.0",
      "resolved": "https://a0us.jfrog.io/artifactory/api/npm/npm/@a0/my-organization-api-oas/-/@a0/my-organization-api-oas-1.8636.0.tgz",
      "integrity": "sha512-QNhS/GdfaExJKOkwhrfim1tBap5b243LHgvRs9dju+0VLQcY6vl6wt3qutQ/3VdmH+/FN6x/JjG7BojQZjDPWw==",
      "license": "ISC"
    },
    "node_modules/@a0/myaccount-api-oas": {
      "version": "1.404.0",
      "resolved": "https://a0us.jfrog.io/artifactory/api/npm/npm/@a0/myaccount-api-oas/-/@a0/myaccount-api-oas-1.404.0.tgz",
      "integrity": "sha512-Z1VREuEY18mIvE067gCk8k1wCl3nTHwL7E0D9oTluRUtNRJG53zlN+nUJGzxyqtibTfqsuJMUcLXSxMlXYkZ+Q==",
      "license": "ISC"
    },
    "node_modules/@fern-api/auth0-management-snippets": {
      "version": "0.0.5",
      "resolved": "https://a0us.jfrog.io/artifactory/api/npm/npm/@fern-api/auth0-management-snippets/-/auth0-management-snippets-0.0.5.tgz",
      "integrity": "sha512-VE4ARXnlHyOSMoISKsy6I1TNAAQAR6dWogO+tEVqyfU8TCenBVCVsLBh3Ne3BFdZVXuigzqbccjQX1G1IuxZVA==",
      "license": "MIT",
      "dependencies": {
        "@fern-api/dynamic-ir-sdk": "55.3.0",
        "@fern-api/go-dynamic-snippets": "0.0.15",
        "@fern-api/snippets-core": "0.1.9",
        "@fern-api/typescript-dynamic-snippets": "0.0.7",
        "openapi-types": "^12.1.3"
      }
    },
    "node_modules/@fern-api/auth0-management-snippets/node_modules/@fern-api/dynamic-ir-sdk": {
      "version": "55.3.0",
      "resolved": "https://a0us.jfrog.io/artifactory/api/npm/npm/@fern-api/dynamic-ir-sdk/-/dynamic-ir-sdk-55.3.0.tgz",
      "integrity": "sha512-T5ul33k9vVVa93n893Smw6mkXSHVSRTmRma0+xqEbLiKzx5bqP8n7OEoNM1h9jWTQlHstyt+OJ1ZRQcA2d0RgA=="
    },
    "node_modules/@fern-api/auth0-management-snippets/node_modules/@fern-api/snippets-core": {
      "version": "0.1.9",
      "resolved": "https://a0us.jfrog.io/artifactory/api/npm/npm/@fern-api/snippets-core/-/snippets-core-0.1.9.tgz",
      "integrity": "sha512-279cRQ6eCC3IcpIT9yuuJ5S13VEliQXEYkLAhyeDn34Oa0Z3zQ7YLFiGW2toqz3yZddJcklP2pgzSEWdZyDxOQ=="
    },
    "node_modules/@fern-api/auth0-management-snippets/node_modules/@fern-api/typescript-dynamic-snippets": {
      "version": "0.0.7",
      "resolved": "https://a0us.jfrog.io/artifactory/api/npm/npm/@fern-api/typescript-dynamic-snippets/-/typescript-dynamic-snippets-0.0.7.tgz",
      "integrity": "sha512-wwDRzlt++mZRpmcSHKu4/D2sxD/YZ0FBRBDQumn4b2E5YuM5i+jZ5sGbSI4Umctkb65tq3QjT1/OVto2wuV5Og=="
    },
    "node_modules/@fern-api/auth0-myaccount-snippets": {
      "version": "0.0.2",
      "resolved": "https://a0us.jfrog.io/artifactory/api/npm/npm/@fern-api/auth0-myaccount-snippets/-/auth0-myaccount-snippets-0.0.2.tgz",
      "integrity": "sha512-O381fZSrmOkL8Y2Mr4vbYfkiF7QtiT+bYHmsofgZh5R2qcDB1oOXDrjZCFeLZi+wQHqQ4GlPJgXpI6t3++wmEA==",
      "license": "MIT",
      "dependencies": {
        "@fern-api/dynamic-ir-sdk": "61.7.0",
        "@fern-api/snippets-core": "0.1.11",
        "@fern-api/typescript-dynamic-snippets": "0.0.9",
        "openapi-types": "^12.1.3"
      }
    },
    "node_modules/@fern-api/auth0-myorg-snippets": {
      "version": "0.0.2",
      "resolved": "https://a0us.jfrog.io/artifactory/api/npm/npm/@fern-api/auth0-myorg-snippets/-/auth0-myorg-snippets-0.0.2.tgz",
      "integrity": "sha512-BOFGROMkvYFS60WzGF2InQcx3lGcGk29EmtA/Mq4CDcUT736gz2LIzYUcrQnOuneG2Joepx9WPX//b9xGN11bA==",
      "license": "MIT",
      "dependencies": {
        "@fern-api/dynamic-ir-sdk": "61.7.0",
        "@fern-api/snippets-core": "0.1.11",
        "@fern-api/typescript-dynamic-snippets": "0.0.9",
        "openapi-types": "^12.1.3"
      }
    },
    "node_modules/@fern-api/dynamic-ir-sdk": {
      "version": "61.7.0",
      "resolved": "https://a0us.jfrog.io/artifactory/api/npm/npm/@fern-api/dynamic-ir-sdk/-/dynamic-ir-sdk-61.7.0.tgz",
      "integrity": "sha512-3BcgNnTgr3qucG2AYr1hCOjVMjM5VLZZIkSTgOlVjwASTvH5eqxApfYasUNLAAA9xXU7anfCqtnd7IOE2G2jTw=="
    },
    "node_modules/@fern-api/go-dynamic-snippets": {
      "version": "0.0.15",
      "resolved": "https://a0us.jfrog.io/artifactory/api/npm/npm/@fern-api/go-dynamic-snippets/-/go-dynamic-snippets-0.0.15.tgz",
      "integrity": "sha512-KIRV3z/fjKFGx+nFIg5bJOGrqoaTgPCVMB/lpZ5hql948kbEERfQMahX5WBDgbh8E2/p+P8kY/N1LWCMrVQyEQ=="
    },
    "node_modules/@fern-api/snippets-core": {
      "version": "0.1.11",
      "resolved": "https://a0us.jfrog.io/artifactory/api/npm/npm/@fern-api/snippets-core/-/snippets-core-0.1.11.tgz",
      "integrity": "sha512-FoFHuHqyBR9xHeuOjOHlIFNc1heQLLcXudgU83qW+UgGCpSCGKyW+y0CmTYN86PTPAaeog80CQ1QcSX1T2OQRg=="
    },
    "node_modules/@fern-api/typescript-dynamic-snippets": {
      "version": "0.0.9",
      "resolved": "https://a0us.jfrog.io/artifactory/api/npm/npm/@fern-api/typescript-dynamic-snippets/-/typescript-dynamic-snippets-0.0.9.tgz",
      "integrity": "sha512-3Tcigu6YTAY6LKO3QtKIcSOCzRsryv9lt5xX3gLpmL2AETZwigVBGLiZd/0WaFaW29JR8g0Go0egT0ceU3VIXA=="
    },
    "node_modules/dedent": {
      "version": "1.7.1",
      "resolved": "https://registry.npmjs.org/dedent/-/dedent-1.7.1.tgz",
      "integrity": "sha512-9JmrhGZpOlEgOLdQgSm0zxFaYoQon408V1v49aqTWuXENVlnCuY9JBZcXZiCsZQWDjTm5Qf/nIvAy77mXDAjEg==",
      "license": "MIT",
      "peerDependencies": {
        "babel-plugin-macros": "^3.1.0"
      },
      "peerDependenciesMeta": {
        "babel-plugin-macros": {
          "optional": true
        }
      }
    },
    "node_modules/lodash": {
      "version": "4.17.23",
      "resolved": "https://registry.npmjs.org/lodash/-/lodash-4.17.23.tgz",
      "integrity": "sha512-LgVTMpQtIopCi79SJeDiP0TfWi5CNEc/L/aRdTh3yIvmZXTnheWpKjSZhnvMl8iXbC1tFg9gdHHDMLoV7CnG+w==",
      "license": "MIT"
    },
    "node_modules/openapi-types": {
      "version": "12.1.3",
      "resolved": "https://a0us.jfrog.io/artifactory/api/npm/npm/openapi-types/-/openapi-types-12.1.3.tgz",
      "integrity": "sha512-N4YtSYJqghVu4iek2ZUvcN/0aqH1kRDuNqzcycDxhOUpg7GdvLa2F3DgS6yBNhInhv2r/6I0Flkn7CqL8+nIcw==",
      "license": "MIT"
    }
  }
}
