{
  "name": "docs-v2",
  "version": "1.0.0",
  "lockfileVersion": 3,
  "requires": true,
  "packages": {
    "": {
      "name": "docs-v2",
      "version": "1.0.0",
      "dependencies": {
        "@a0/myaccount-api-oas": "^1.404.0"
      }
    },
    "node_modules/@a0/myaccount-api-oas": {
      "version": "1.404.0",
      "resolved": "https://a0us.jfrog.io/artifactory/api/npm/npm/@a0/myaccount-api-oas/-/@a0/myaccount-api-oas-1.404.0.tgz",
      "integrity": "sha512-Z1VREuEY18mIvE067gCk8k1wCl3nTHwL7E0D9oTluRUtNRJG53zlN+nUJGzxyqtibTfqsuJMUcLXSxMlXYkZ+Q==",
      "license": "ISC"
    }
  }
}
