lockfileVersion: '9.0'

settings:
  autoInstallPeers: true
  excludeLinksFromLockfile: false

importers:

  .:
    dependencies:
      '@a0/myaccount-api-oas':
        specifier: 1.404.0
        version: 1.404.0
      dedent:
        specifier: 1.7.1
        version: 1.7.1
      lodash:
        specifier: 4.17.23
        version: 4.17.23

packages:

  '@a0/myaccount-api-oas@1.404.0':
    resolution: {integrity: sha512-Z1VREuEY18mIvE067gCk8k1wCl3nTHwL7E0D9oTluRUtNRJG53zlN+nUJGzxyqtibTfqsuJMUcLXSxMlXYkZ+Q==, tarball: https://a0us.jfrog.io/artifactory/api/npm/npm/@a0/myaccount-api-oas/-/@a0/myaccount-api-oas-1.404.0.tgz}

  dedent@1.7.1:
    resolution: {integrity: sha512-9JmrhGZpOlEgOLdQgSm0zxFaYoQon408V1v49aqTWuXENVlnCuY9JBZcXZiCsZQWDjTm5Qf/nIvAy77mXDAjEg==}
    peerDependencies:
      babel-plugin-macros: ^3.1.0
    peerDependenciesMeta:
      babel-plugin-macros:
        optional: true

  lodash@4.17.23:
    resolution: {integrity: sha512-LgVTMpQtIopCi79SJeDiP0TfWi5CNEc/L/aRdTh3yIvmZXTnheWpKjSZhnvMl8iXbC1tFg9gdHHDMLoV7CnG+w==}

snapshots:

  '@a0/myaccount-api-oas@1.404.0': {}

  dedent@1.7.1: {}

  lodash@4.17.23: {}
